
Microsoft Visual Studio Solution File, Format Version 12.00
# Visual Studio Version 16
VisualStudioVersion = 16.0.28407.52
MinimumVisualStudioVersion = 10.0.40219.1
Project("{9A19103F-16F7-4668-BE54-9A1E7A4F7556}") = "Cederfelt.se.API", "Cederfelt.se.API\Cederfelt.se.API.csproj", "{CA3EB8DF-7ADF-4A80-9EC9-6B7DDF3D102D}"
EndProject
Project("{9A19103F-16F7-4668-BE54-9A1E7A4F7556}") = "Cederfelt.se", "Cederfelt.se\Cederfelt.se.csproj", "{9298B91D-67A4-4ED7-933C-C7B0DE5027EB}"
EndProject
Global
	GlobalSection(SolutionConfigurationPlatforms) = preSolution
		Debug|Any CPU = Debug|Any CPU
		Release|Any CPU = Release|Any CPU
	EndGlobalSection
	GlobalSection(ProjectConfigurationPlatforms) = postSolution
		{CA3EB8DF-7ADF-4A80-9EC9-6B7DDF3D102D}.Debug|Any CPU.ActiveCfg = Debug|Any CPU
		{CA3EB8DF-7ADF-4A80-9EC9-6B7DDF3D102D}.Debug|Any CPU.Build.0 = Debug|Any CPU
		{CA3EB8DF-7ADF-4A80-9EC9-6B7DDF3D102D}.Release|Any CPU.ActiveCfg = Release|Any CPU
		{CA3EB8DF-7ADF-4A80-9EC9-6B7DDF3D102D}.Release|Any CPU.Build.0 = Release|Any CPU
		{9298B91D-67A4-4ED7-933C-C7B0DE5027EB}.Debug|Any CPU.ActiveCfg = Debug|Any CPU
		{9298B91D-67A4-4ED7-933C-C7B0DE5027EB}.Debug|Any CPU.Build.0 = Debug|Any CPU
		{9298B91D-67A4-4ED7-933C-C7B0DE5027EB}.Release|Any CPU.ActiveCfg = Release|Any CPU
		{9298B91D-67A4-4ED7-933C-C7B0DE5027EB}.Release|Any CPU.Build.0 = Release|Any CPU
	EndGlobalSection
	GlobalSection(SolutionProperties) = preSolution
		HideSolutionNode = FALSE
	EndGlobalSection
	GlobalSection(ExtensibilityGlobals) = postSolution
		SolutionGuid = {61B1FF57-FA77-422B-A82C-6C84C7824740}
	EndGlobalSection
EndGlobal
